<?xml version="1.0" encoding="UTF-8"?>
<CodeBlocks_project_file>
	<FileVersion major="1" minor="6"/>
	<Project>
		<Option title="cealr"/>
		<Option makefile_is_custom="1"/>
		<Option compiler="gcc"/>
		<Option virtualFolders="CMake Files\;CMake Files\cmake\;CMake Files\cmake\Modules\;"/>
		<Build>
			<Target title="all">
				<Option working_dir="/Users/olaf/CLionProjects/cealr"/>
				<Option type="4"/>
				<MakeCommands>
					<Build command="/usr/bin/make -f &quot;/Users/olaf/CLionProjects/cealr/Makefile&quot;  VERBOSE=1 all"/>
					<CompileFile command="/usr/bin/make -f &quot;/Users/olaf/CLionProjects/cealr/Makefile&quot;  VERBOSE=1 &quot;$file&quot;"/>
					<Clean command="/usr/bin/make -f &quot;/Users/olaf/CLionProjects/cealr/Makefile&quot;  VERBOSE=1 clean"/>
					<DistClean command="/usr/bin/make -f &quot;/Users/olaf/CLionProjects/cealr/Makefile&quot;  VERBOSE=1 clean"/>
				</MakeCommands>
			</Target>
			<Target title="rebuild_cache">
				<Option working_dir="/Users/olaf/CLionProjects/cealr"/>
				<Option type="4"/>
				<MakeCommands>
					<Build command="/usr/bin/make -f &quot;/Users/olaf/CLionProjects/cealr/Makefile&quot;  VERBOSE=1 rebuild_cache"/>
					<CompileFile command="/usr/bin/make -f &quot;/Users/olaf/CLionProjects/cealr/Makefile&quot;  VERBOSE=1 &quot;$file&quot;"/>
					<Clean command="/usr/bin/make -f &quot;/Users/olaf/CLionProjects/cealr/Makefile&quot;  VERBOSE=1 clean"/>
					<DistClean command="/usr/bin/make -f &quot;/Users/olaf/CLionProjects/cealr/Makefile&quot;  VERBOSE=1 clean"/>
				</MakeCommands>
			</Target>
			<Target title="edit_cache">
				<Option working_dir="/Users/olaf/CLionProjects/cealr"/>
				<Option type="4"/>
				<MakeCommands>
					<Build command="/usr/bin/make -f &quot;/Users/olaf/CLionProjects/cealr/Makefile&quot;  VERBOSE=1 edit_cache"/>
					<CompileFile command="/usr/bin/make -f &quot;/Users/olaf/CLionProjects/cealr/Makefile&quot;  VERBOSE=1 &quot;$file&quot;"/>
					<Clean command="/usr/bin/make -f &quot;/Users/olaf/CLionProjects/cealr/Makefile&quot;  VERBOSE=1 clean"/>
					<DistClean command="/usr/bin/make -f &quot;/Users/olaf/CLionProjects/cealr/Makefile&quot;  VERBOSE=1 clean"/>
				</MakeCommands>
			</Target>
			<Target title="cealr">
				<Option output="/Users/olaf/CLionProjects/cealr/cealr" prefix_auto="0" extension_auto="0"/>
				<Option working_dir="/Users/olaf/CLionProjects/cealr"/>
				<Option object_output="./"/>
				<Option type="1"/>
				<Option compiler="gcc"/>
				<Compiler>
					<Add directory="/Users/olaf/CLionProjects/cealr"/>
					<Add directory="/usr/local/opt/openssl/include"/>
					<Add directory="/Users/olaf/CLionProjects/cealr/include"/>
					<Add directory="/usr/local/opt/gpgme/include"/>
					<Add directory="/usr/local/opt/libassuan/include"/>
					<Add directory="/usr/local/opt/libgpg-error/include"/>
				</Compiler>
				<MakeCommands>
					<Build command="/usr/bin/make -f &quot;/Users/olaf/CLionProjects/cealr/Makefile&quot;  VERBOSE=1 cealr"/>
					<CompileFile command="/usr/bin/make -f &quot;/Users/olaf/CLionProjects/cealr/Makefile&quot;  VERBOSE=1 &quot;$file&quot;"/>
					<Clean command="/usr/bin/make -f &quot;/Users/olaf/CLionProjects/cealr/Makefile&quot;  VERBOSE=1 clean"/>
					<DistClean command="/usr/bin/make -f &quot;/Users/olaf/CLionProjects/cealr/Makefile&quot;  VERBOSE=1 clean"/>
				</MakeCommands>
			</Target>
			<Target title="cealr/fast">
				<Option output="/Users/olaf/CLionProjects/cealr/cealr" prefix_auto="0" extension_auto="0"/>
				<Option working_dir="/Users/olaf/CLionProjects/cealr"/>
				<Option object_output="./"/>
				<Option type="1"/>
				<Option compiler="gcc"/>
				<Compiler>
					<Add directory="/Users/olaf/CLionProjects/cealr"/>
					<Add directory="/usr/local/opt/openssl/include"/>
					<Add directory="/Users/olaf/CLionProjects/cealr/include"/>
					<Add directory="/usr/local/opt/gpgme/include"/>
					<Add directory="/usr/local/opt/libassuan/include"/>
					<Add directory="/usr/local/opt/libgpg-error/include"/>
				</Compiler>
				<MakeCommands>
					<Build command="/usr/bin/make -f &quot;/Users/olaf/CLionProjects/cealr/Makefile&quot;  VERBOSE=1 cealr/fast"/>
					<CompileFile command="/usr/bin/make -f &quot;/Users/olaf/CLionProjects/cealr/Makefile&quot;  VERBOSE=1 &quot;$file&quot;"/>
					<Clean command="/usr/bin/make -f &quot;/Users/olaf/CLionProjects/cealr/Makefile&quot;  VERBOSE=1 clean"/>
					<DistClean command="/usr/bin/make -f &quot;/Users/olaf/CLionProjects/cealr/Makefile&quot;  VERBOSE=1 clean"/>
				</MakeCommands>
			</Target>
		</Build>
		<Unit filename="/Users/olaf/CLionProjects/cealr/src/base64.h">
			<Option target="cealr"/>
		</Unit>
		<Unit filename="/Users/olaf/CLionProjects/cealr/src/cealr.cpp">
			<Option target="cealr"/>
		</Unit>
		<Unit filename="/Users/olaf/CLionProjects/cealr/src/cealr.h">
			<Option target="cealr"/>
		</Unit>
		<Unit filename="/Users/olaf/CLionProjects/cealr/src/curl_util.cpp">
			<Option target="cealr"/>
		</Unit>
		<Unit filename="/Users/olaf/CLionProjects/cealr/src/curl_util.h">
			<Option target="cealr"/>
		</Unit>
		<Unit filename="/Users/olaf/CLionProjects/cealr/src/file_util.cpp">
			<Option target="cealr"/>
		</Unit>
		<Unit filename="/Users/olaf/CLionProjects/cealr/src/file_util.h">
			<Option target="cealr"/>
		</Unit>
		<Unit filename="/Users/olaf/CLionProjects/cealr/src/message_digest.cpp">
			<Option target="cealr"/>
		</Unit>
		<Unit filename="/Users/olaf/CLionProjects/cealr/src/message_digest.h">
			<Option target="cealr"/>
		</Unit>
		<Unit filename="/Users/olaf/CLionProjects/cealr/src/open_pgp.cpp">
			<Option target="cealr"/>
		</Unit>
		<Unit filename="/Users/olaf/CLionProjects/cealr/src/open_pgp.h">
			<Option target="cealr"/>
		</Unit>
		<Unit filename="/Users/olaf/CLionProjects/cealr/src/properties.cpp">
			<Option target="cealr"/>
		</Unit>
		<Unit filename="/Users/olaf/CLionProjects/cealr/src/properties.h">
			<Option target="cealr"/>
		</Unit>
		<Unit filename="/Users/olaf/CLionProjects/cealr/src/serialized_data_format.hpp">
			<Option target="cealr"/>
		</Unit>
		<Unit filename="/Users/olaf/CLionProjects/cealr/src/smart_stamp.cpp">
			<Option target="cealr"/>
		</Unit>
		<Unit filename="/Users/olaf/CLionProjects/cealr/src/smart_stamp.h">
			<Option target="cealr"/>
		</Unit>
		<Unit filename="/Users/olaf/CLionProjects/cealr/CMakeLists.txt">
			<Option virtualFolder="CMake Files\"/>
		</Unit>
		<Unit filename="/Users/olaf/CLionProjects/cealr/cmake/Modules/FindGpgme.cmake">
			<Option virtualFolder="CMake Files\cmake\Modules\"/>
		</Unit>
	</Project>
</CodeBlocks_project_file>
